// !$*UTF8*$!
{
	archiveVersion = 1;
	classes = {
	};
	objectVersion = 51;
	objects = {

/* Begin PBXBuildFile section */
		0048F634801A1DA8A9110EB2 /* Pods_EasyToDo.framework in Frameworks */ = {isa = PBXBuildFile; fileRef = 343CA21A94B6A482445A0515 /* Pods_EasyToDo.framework */; };
		475AAE2824656BAF00A7B6AB /* AppDelegate.swift in Sources */ = {isa = PBXBuildFile; fileRef = 475AAE2724656BAF00A7B6AB /* AppDelegate.swift */; };
		475AAE2F24656BAF00A7B6AB /* Main.storyboard in Resources */ = {isa = PBXBuildFile; fileRef = 475AAE2D24656BAF00A7B6AB /* Main.storyboard */; };
		475AAE3124656BB100A7B6AB /* Assets.xcassets in Resources */ = {isa = PBXBuildFile; fileRef = 475AAE3024656BB100A7B6AB /* Assets.xcassets */; };
		475AAE3424656BB100A7B6AB /* LaunchScreen.storyboard in Resources */ = {isa = PBXBuildFile; fileRef = 475AAE3224656BB100A7B6AB /* LaunchScreen.storyboard */; };
		475AAE402465A70600A7B6AB /* MyListViewController.swift in Sources */ = {isa = PBXBuildFile; fileRef = 475AAE3F2465A70600A7B6AB /* MyListViewController.swift */; };
		475AAE622465AAEB00A7B6AB /* SceneDelegate.swift in Sources */ = {isa = PBXBuildFile; fileRef = 475AAE612465AAEB00A7B6AB /* SceneDelegate.swift */; };
		475AAE642465AC4A00A7B6AB /* DoneViewController.swift in Sources */ = {isa = PBXBuildFile; fileRef = 475AAE632465AC4A00A7B6AB /* DoneViewController.swift */; };
		475AAE672465B47D00A7B6AB /* TaskTableViewCell.swift in Sources */ = {isa = PBXBuildFile; fileRef = 475AAE662465B47D00A7B6AB /* TaskTableViewCell.swift */; };
		475AAE692465B7AE00A7B6AB /* Task.swift in Sources */ = {isa = PBXBuildFile; fileRef = 475AAE682465B7AE00A7B6AB /* Task.swift */; };
		475AAE6C2465C08B00A7B6AB /* DateExtension.swift in Sources */ = {isa = PBXBuildFile; fileRef = 475AAE6B2465C08B00A7B6AB /* DateExtension.swift */; };
/* End PBXBuildFile section */

/* Begin PBXFileReference section */
		343CA21A94B6A482445A0515 /* Pods_EasyToDo.framework */ = {isa = PBXFileReference; explicitFileType = wrapper.framework; includeInIndex = 0; path = Pods_EasyToDo.framework; sourceTree = BUILT_PRODUCTS_DIR; };
		475AAE2424656BAF00A7B6AB /* EasyToDo.app */ = {isa = PBXFileReference; explicitFileType = wrapper.application; includeInIndex = 0; path = EasyToDo.app; sourceTree = BUILT_PRODUCTS_DIR; };
		475AAE2724656BAF00A7B6AB /* AppDelegate.swift */ = {isa = PBXFileReference; lastKnownFileType = sourcecode.swift; path = AppDelegate.swift; sourceTree = "<group>"; };
		475AAE2E24656BAF00A7B6AB /* Base */ = {isa = PBXFileReference; lastKnownFileType = file.storyboard; name = Base; path = Base.lproj/Main.storyboard; sourceTree = "<group>"; };
		475AAE3024656BB100A7B6AB /* Assets.xcassets */ = {isa = PBXFileReference; lastKnownFileType = folder.assetcatalog; path = Assets.xcassets; sourceTree = "<group>"; };
		475AAE3324656BB100A7B6AB /* Base */ = {isa = PBXFileReference; lastKnownFileType = file.storyboard; name = Base; path = Base.lproj/LaunchScreen.storyboard; sourceTree = "<group>"; };
		475AAE3524656BB100A7B6AB /* Info.plist */ = {isa = PBXFileReference; lastKnownFileType = text.plist.xml; path = Info.plist; sourceTree = "<group>"; };
		475AAE3F2465A70600A7B6AB /* MyListViewController.swift */ = {isa = PBXFileReference; lastKnownFileType = sourcecode.swift; path = MyListViewController.swift; sourceTree = "<group>"; };
		475AAE612465AAEB00A7B6AB /* SceneDelegate.swift */ = {isa = PBXFileReference; lastKnownFileType = sourcecode.swift; path = SceneDelegate.swift; sourceTree = "<group>"; };
		475AAE632465AC4A00A7B6AB /* DoneViewController.swift */ = {isa = PBXFileReference; lastKnownFileType = sourcecode.swift; path = DoneViewController.swift; sourceTree = "<group>"; };
		475AAE662465B47D00A7B6AB /* TaskTableViewCell.swift */ = {isa = PBXFileReference; lastKnownFileType = sourcecode.swift; path = TaskTableViewCell.swift; sourceTree = "<group>"; };
		475AAE682465B7AE00A7B6AB /* Task.swift */ = {isa = PBXFileReference; lastKnownFileType = sourcecode.swift; path = Task.swift; sourceTree = "<group>"; };
		475AAE6B2465C08B00A7B6AB /* DateExtension.swift */ = {isa = PBXFileReference; lastKnownFileType = sourcecode.swift; path = DateExtension.swift; sourceTree = "<group>"; };
		9C55A3B48E5C822030BF31E9 /* Pods-EasyToDo.debug.xcconfig */ = {isa = PBXFileReference; includeInIndex = 1; lastKnownFileType = text.xcconfig; name = "Pods-EasyToDo.debug.xcconfig"; path = "Target Support Files/Pods-EasyToDo/Pods-EasyToDo.debug.xcconfig"; sourceTree = "<group>"; };
		FFB2B5CBA873191D1B2575A7 /* Pods-EasyToDo.release.xcconfig */ = {isa = PBXFileReference; includeInIndex = 1; lastKnownFileType = text.xcconfig; name = "Pods-EasyToDo.release.xcconfig"; path = "Target Support Files/Pods-EasyToDo/Pods-EasyToDo.release.xcconfig"; sourceTree = "<group>"; };
/* End PBXFileReference section */

/* Begin PBXFrameworksBuildPhase section */
		475AAE2124656BAF00A7B6AB /* Frameworks */ = {
			isa = PBXFrameworksBuildPhase;
			buildActionMask = 2147483647;
			files = (
				0048F634801A1DA8A9110EB2 /* Pods_EasyToDo.framework in Frameworks */,
			);
			runOnlyForDeploymentPostprocessing = 0;
		};
/* End PBXFrameworksBuildPhase section */

/* Begin PBXGroup section */
		07183C73FC33F9D11FE73D66 /* Frameworks */ = {
			isa = PBXGroup;
			children = (
				343CA21A94B6A482445A0515 /* Pods_EasyToDo.framework */,
			);
			name = Frameworks;
			sourceTree = "<group>";
		};
		475AAE1B24656BAF00A7B6AB = {
			isa = PBXGroup;
			children = (
				475AAE2624656BAF00A7B6AB /* EasyToDo */,
				475AAE2524656BAF00A7B6AB /* Products */,
				B480EF7042CADA3D235F629A /* Pods */,
				07183C73FC33F9D11FE73D66 /* Frameworks */,
			);
			sourceTree = "<group>";
		};
		475AAE2524656BAF00A7B6AB /* Products */ = {
			isa = PBXGroup;
			children = (
				475AAE2424656BAF00A7B6AB /* EasyToDo.app */,
			);
			name = Products;
			sourceTree = "<group>";
		};
		475AAE2624656BAF00A7B6AB /* EasyToDo */ = {
			isa = PBXGroup;
			children = (
				475AAE6A2465C07700A7B6AB /* Helpers */,
				475AAE2724656BAF00A7B6AB /* AppDelegate.swift */,
				475AAE612465AAEB00A7B6AB /* SceneDelegate.swift */,
				475AAE3524656BB100A7B6AB /* Info.plist */,
				475AAE3D24657E9000A7B6AB /* Models */,
				475AAE3C24657E5300A7B6AB /* Resources */,
				475AAE652465B46000A7B6AB /* Cells */,
				475AAE3E24657EC200A7B6AB /* View Controllers */,
				475AAE2D24656BAF00A7B6AB /* Main.storyboard */,
			);
			path = EasyToDo;
			sourceTree = "<group>";
		};
		475AAE3C24657E5300A7B6AB /* Resources */ = {
			isa = PBXGroup;
			children = (
				475AAE3224656BB100A7B6AB /* LaunchScreen.storyboard */,
				475AAE3024656BB100A7B6AB /* Assets.xcassets */,
			);
			path = Resources;
			sourceTree = "<group>";
		};
		475AAE3D24657E9000A7B6AB /* Models */ = {
			isa = PBXGroup;
			children = (
				475AAE682465B7AE00A7B6AB /* Task.swift */,
			);
			path = Models;
			sourceTree = "<group>";
		};
		475AAE3E24657EC200A7B6AB /* View Controllers */ = {
			isa = PBXGroup;
			children = (
				475AAE3F2465A70600A7B6AB /* MyListViewController.swift */,
				475AAE632465AC4A00A7B6AB /* DoneViewController.swift */,
			);
			path = "View Controllers";
			sourceTree = "<group>";
		};
		475AAE652465B46000A7B6AB /* Cells */ = {
			isa = PBXGroup;
			children = (
				475AAE662465B47D00A7B6AB /* TaskTableViewCell.swift */,
			);
			path = Cells;
			sourceTree = "<group>";
		};
		475AAE6A2465C07700A7B6AB /* Helpers */ = {
			isa = PBXGroup;
			children = (
				475AAE6B2465C08B00A7B6AB /* DateExtension.swift */,
			);
			path = Helpers;
			sourceTree = "<group>";
		};
		B480EF7042CADA3D235F629A /* Pods */ = {
			isa = PBXGroup;
			children = (
				9C55A3B48E5C822030BF31E9 /* Pods-EasyToDo.debug.xcconfig */,
				FFB2B5CBA873191D1B2575A7 /* Pods-EasyToDo.release.xcconfig */,
			);
			path = Pods;
			sourceTree = "<group>";
		};
/* End PBXGroup section */

/* Begin PBXNativeTarget section */
		475AAE2324656BAF00A7B6AB /* EasyToDo */ = {
			isa = PBXNativeTarget;
			buildConfigurationList = 475AAE3824656BB100A7B6AB /* Build configuration list for PBXNativeTarget "EasyToDo" */;
			buildPhases = (
				721B63DD8B362CC5284C35DF /* [CP] Check Pods Manifest.lock */,
				475AAE2024656BAF00A7B6AB /* Sources */,
				475AAE2124656BAF00A7B6AB /* Frameworks */,
				475AAE2224656BAF00A7B6AB /* Resources */,
				0B722051703F2FB513B2C2EE /* [CP] Embed Pods Frameworks */,
				475AAE3B2465792800A7B6AB /* ShellScript */,
			);
			buildRules = (
			);
			dependencies = (
			);
			name = EasyToDo;
			productName = EasyToDo;
			productReference = 475AAE2424656BAF00A7B6AB /* EasyToDo.app */;
			productType = "com.apple.product-type.application";
		};
/* End PBXNativeTarget section */

/* Begin PBXProject section */
		475AAE1C24656BAF00A7B6AB /* Project object */ = {
			isa = PBXProject;
			attributes = {
				LastSwiftUpdateCheck = 1140;
				LastUpgradeCheck = 1140;
				ORGANIZATIONNAME = "Mihaela Simion";
				TargetAttributes = {
					475AAE2324656BAF00A7B6AB = {
						CreatedOnToolsVersion = 11.4.1;
					};
				};
			};
			buildConfigurationList = 475AAE1F24656BAF00A7B6AB /* Build configuration list for PBXProject "EasyToDo" */;
			compatibilityVersion = "Xcode 9.3";
			developmentRegion = en;
			hasScannedForEncodings = 0;
			knownRegions = (
				en,
				Base,
			);
			mainGroup = 475AAE1B24656BAF00A7B6AB;
			productRefGroup = 475AAE2524656BAF00A7B6AB /* Products */;
			projectDirPath = "";
			projectRoot = "";
			targets = (
				475AAE2324656BAF00A7B6AB /* EasyToDo */,
			);
		};
/* End PBXProject section */

/* Begin PBXResourcesBuildPhase section */
		475AAE2224656BAF00A7B6AB /* Resources */ = {
			isa = PBXResourcesBuildPhase;
			buildActionMask = 2147483647;
			files = (
				475AAE3424656BB100A7B6AB /* LaunchScreen.storyboard in Resources */,
				475AAE3124656BB100A7B6AB /* Assets.xcassets in Resources */,
				475AAE2F24656BAF00A7B6AB /* Main.storyboard in Resources */,
			);
			runOnlyForDeploymentPostprocessing = 0;
		};
/* End PBXResourcesBuildPhase section */

/* Begin PBXShellScriptBuildPhase section */
		0B722051703F2FB513B2C2EE /* [CP] Embed Pods Frameworks */ = {
			isa = PBXShellScriptBuildPhase;
			buildActionMask = 2147483647;
			files = (
			);
			inputFileListPaths = (
				"${PODS_ROOT}/Target Support Files/Pods-EasyToDo/Pods-EasyToDo-frameworks-${CONFIGURATION}-input-files.xcfilelist",
			);
			name = "[CP] Embed Pods Frameworks";
			outputFileListPaths = (
				"${PODS_ROOT}/Target Support Files/Pods-EasyToDo/Pods-EasyToDo-frameworks-${CONFIGURATION}-output-files.xcfilelist",
			);
			runOnlyForDeploymentPostprocessing = 0;
			shellPath = /bin/sh;
			shellScript = "\"${PODS_ROOT}/Target Support Files/Pods-EasyToDo/Pods-EasyToDo-frameworks.sh\"\n";
			showEnvVarsInLog = 0;
		};
		475AAE3B2465792800A7B6AB /* ShellScript */ = {
			isa = PBXShellScriptBuildPhase;
			buildActionMask = 2147483647;
			files = (
			);
			inputFileListPaths = (
			);
			inputPaths = (
			);
			outputFileListPaths = (
			);
			outputPaths = (
			);
			runOnlyForDeploymentPostprocessing = 0;
			shellPath = /bin/sh;
			shellScript = "# Type a script or drag a script file from your workspace to insert its path.\n${PODS_ROOT}/SwiftLint/swiftlint\n";
		};
		721B63DD8B362CC5284C35DF /* [CP] Check Pods Manifest.lock */ = {
			isa = PBXShellScriptBuildPhase;
			buildActionMask = 2147483647;
			files = (
			);
			inputFileListPaths = (
			);
			inputPaths = (
				"${PODS_PODFILE_DIR_PATH}/Podfile.lock",
				"${PODS_ROOT}/Manifest.lock",
			);
			name = "[CP] Check Pods Manifest.lock";
			outputFileListPaths = (
			);
			outputPaths = (
				"$(DERIVED_FILE_DIR)/Pods-EasyToDo-checkManifestLockResult.txt",
			);
			runOnlyForDeploymentPostprocessing = 0;
			shellPath = /bin/sh;
			shellScript = "diff \"${PODS_PODFILE_DIR_PATH}/Podfile.lock\" \"${PODS_ROOT}/Manifest.lock\" > /dev/null\nif [ $? != 0 ] ; then\n    # print error to STDERR\n    echo \"error: The sandbox is not in sync with the Podfile.lock. Run 'pod install' or update your CocoaPods installation.\" >&2\n    exit 1\nfi\n# This output is used by Xcode 'outputs' to avoid re-running this script phase.\necho \"SUCCESS\" > \"${SCRIPT_OUTPUT_FILE_0}\"\n";
			showEnvVarsInLog = 0;
		};
/* End PBXShellScriptBuildPhase section */

/* Begin PBXSourcesBuildPhase section */
		475AAE2024656BAF00A7B6AB /* Sources */ = {
			isa = PBXSourcesBuildPhase;
			buildActionMask = 2147483647;
			files = (
				475AAE642465AC4A00A7B6AB /* DoneViewController.swift in Sources */,
				475AAE6C2465C08B00A7B6AB /* DateExtension.swift in Sources */,
				475AAE402465A70600A7B6AB /* MyListViewController.swift in Sources */,
				475AAE672465B47D00A7B6AB /* TaskTableViewCell.swift in Sources */,
				475AAE2824656BAF00A7B6AB /* AppDelegate.swift in Sources */,
				475AAE692465B7AE00A7B6AB /* Task.swift in Sources */,
				475AAE622465AAEB00A7B6AB /* SceneDelegate.swift in Sources */,
			);
			runOnlyForDeploymentPostprocessing = 0;
		};
/* End PBXSourcesBuildPhase section */

/* Begin PBXVariantGroup section */
		475AAE2D24656BAF00A7B6AB /* Main.storyboard */ = {
			isa = PBXVariantGroup;
			children = (
				475AAE2E24656BAF00A7B6AB /* Base */,
			);
			name = Main.storyboard;
			sourceTree = "<group>";
		};
		475AAE3224656BB100A7B6AB /* LaunchScreen.storyboard */ = {
			isa = PBXVariantGroup;
			children = (
				475AAE3324656BB100A7B6AB /* Base */,
			);
			name = LaunchScreen.storyboard;
			sourceTree = "<group>";
		};
/* End PBXVariantGroup section */

/* Begin XCBuildConfiguration section */
		475AAE3624656BB100A7B6AB /* Debug */ = {
			isa = XCBuildConfiguration;
			buildSettings = {
				ALWAYS_SEARCH_USER_PATHS = NO;
				CLANG_ANALYZER_NONNULL = YES;
				CLANG_ANALYZER_NUMBER_OBJECT_CONVERSION = YES_AGGRESSIVE;
				CLANG_CXX_LANGUAGE_STANDARD = "gnu++14";
				CLANG_CXX_LIBRARY = "libc++";
				CLANG_ENABLE_MODULES = YES;
				CLANG_ENABLE_OBJC_ARC = YES;
				CLANG_ENABLE_OBJC_WEAK = YES;
				CLANG_WARN_BLOCK_CAPTURE_AUTORELEASING = YES;
				CLANG_WARN_BOOL_CONVERSION = YES;
				CLANG_WARN_COMMA = YES;
				CLANG_WARN_CONSTANT_CONVERSION = YES;
				CLANG_WARN_DEPRECATED_OBJC_IMPLEMENTATIONS = YES;
				CLANG_WARN_DIRECT_OBJC_ISA_USAGE = YES_ERROR;
				CLANG_WARN_DOCUMENTATION_COMMENTS = YES;
				CLANG_WARN_EMPTY_BODY = YES;
				CLANG_WARN_ENUM_CONVERSION = YES;
				CLANG_WARN_INFINITE_RECURSION = YES;
				CLANG_WARN_INT_CONVERSION = YES;
				CLANG_WARN_NON_LITERAL_NULL_CONVERSION = YES;
				CLANG_WARN_OBJC_IMPLICIT_RETAIN_SELF = YES;
				CLANG_WARN_OBJC_LITERAL_CONVERSION = YES;
				CLANG_WARN_OBJC_ROOT_CLASS = YES_ERROR;
				CLANG_WARN_RANGE_LOOP_ANALYSIS = YES;
				CLANG_WARN_STRICT_PROTOTYPES = YES;
				CLANG_WARN_SUSPICIOUS_MOVE = YES;
				CLANG_WARN_UNGUARDED_AVAILABILITY = YES_AGGRESSIVE;
				CLANG_WARN_UNREACHABLE_CODE = YES;
				CLANG_WARN__DUPLICATE_METHOD_MATCH = YES;
				COPY_PHASE_STRIP = NO;
				DEBUG_INFORMATION_FORMAT = dwarf;
				ENABLE_STRICT_OBJC_MSGSEND = YES;
				ENABLE_TESTABILITY = YES;
				GCC_C_LANGUAGE_STANDARD = gnu11;
				GCC_DYNAMIC_NO_PIC = NO;
				GCC_NO_COMMON_BLOCKS = YES;
				GCC_OPTIMIZATION_LEVEL = 0;
				GCC_PREPROCESSOR_DEFINITIONS = (
					"DEBUG=1",
					"$(inherited)",
				);
				GCC_WARN_64_TO_32_BIT_CONVERSION = YES;
				GCC_WARN_ABOUT_RETURN_TYPE = YES_ERROR;
				GCC_WARN_UNDECLARED_SELECTOR = YES;
				GCC_WARN_UNINITIALIZED_AUTOS = YES_AGGRESSIVE;
				GCC_WARN_UNUSED_FUNCTION = YES;
				GCC_WARN_UNUSED_VARIABLE = YES;
				IPHONEOS_DEPLOYMENT_TARGET = 13.4;
				MTL_ENABLE_DEBUG_INFO = INCLUDE_SOURCE;
				MTL_FAST_MATH = YES;
				ONLY_ACTIVE_ARCH = YES;
				SDKROOT = iphoneos;
				SWIFT_ACTIVE_COMPILATION_CONDITIONS = DEBUG;
				SWIFT_OPTIMIZATION_LEVEL = "-Onone";
			};
			name = Debug;
		};
		475AAE3724656BB100A7B6AB /* Release */ = {
			isa = XCBuildConfiguration;
			buildSettings = {
				ALWAYS_SEARCH_USER_PATHS = NO;
				CLANG_ANALYZER_NONNULL = YES;
				CLANG_ANALYZER_NUMBER_OBJECT_CONVERSION = YES_AGGRESSIVE;
				CLANG_CXX_LANGUAGE_STANDARD = "gnu++14";
				CLANG_CXX_LIBRARY = "libc++";
				CLANG_ENABLE_MODULES = YES;
				CLANG_ENABLE_OBJC_ARC = YES;
				CLANG_ENABLE_OBJC_WEAK = YES;
				CLANG_WARN_BLOCK_CAPTURE_AUTORELEASING = YES;
				CLANG_WARN_BOOL_CONVERSION = YES;
				CLANG_WARN_COMMA = YES;
				CLANG_WARN_CONSTANT_CONVERSION = YES;
				CLANG_WARN_DEPRECATED_OBJC_IMPLEMENTATIONS = YES;
				CLANG_WARN_DIRECT_OBJC_ISA_USAGE = YES_ERROR;
				CLANG_WARN_DOCUMENTATION_COMMENTS = YES;
				CLANG_WARN_EMPTY_BODY = YES;
				CLANG_WARN_ENUM_CONVERSION = YES;
				CLANG_WARN_INFINITE_RECURSION = YES;
				CLANG_WARN_INT_CONVERSION = YES;
				CLANG_WARN_NON_LITERAL_NULL_CONVERSION = YES;
				CLANG_WARN_OBJC_IMPLICIT_RETAIN_SELF = YES;
				CLANG_WARN_OBJC_LITERAL_CONVERSION = YES;
				CLANG_WARN_OBJC_ROOT_CLASS = YES_ERROR;
				CLANG_WARN_RANGE_LOOP_ANALYSIS = YES;
				CLANG_WARN_STRICT_PROTOTYPES = YES;
				CLANG_WARN_SUSPICIOUS_MOVE = YES;
				CLANG_WARN_UNGUARDED_AVAILABILITY = YES_AGGRESSIVE;
				CLANG_WARN_UNREACHABLE_CODE = YES;
				CLANG_WARN__DUPLICATE_METHOD_MATCH = YES;
				COPY_PHASE_STRIP = NO;
				DEBUG_INFORMATION_FORMAT = "dwarf-with-dsym";
				ENABLE_NS_ASSERTIONS = NO;
				ENABLE_STRICT_OBJC_MSGSEND = YES;
				GCC_C_LANGUAGE_STANDARD = gnu11;
				GCC_NO_COMMON_BLOCKS = YES;
				GCC_WARN_64_TO_32_BIT_CONVERSION = YES;
				GCC_WARN_ABOUT_RETURN_TYPE = YES_ERROR;
				GCC_WARN_UNDECLARED_SELECTOR = YES;
				GCC_WARN_UNINITIALIZED_AUTOS = YES_AGGRESSIVE;
				GCC_WARN_UNUSED_FUNCTION = YES;
				GCC_WARN_UNUSED_VARIABLE = YES;
				IPHONEOS_DEPLOYMENT_TARGET = 13.4;
				MTL_ENABLE_DEBUG_INFO = NO;
				MTL_FAST_MATH = YES;
				SDKROOT = iphoneos;
				SWIFT_COMPILATION_MODE = wholemodule;
				SWIFT_OPTIMIZATION_LEVEL = "-O";
				VALIDATE_PRODUCT = YES;
			};
			name = Release;
		};
		475AAE3924656BB100A7B6AB /* Debug */ = {
			isa = XCBuildConfiguration;
			baseConfigurationReference = 9C55A3B48E5C822030BF31E9 /* Pods-EasyToDo.debug.xcconfig */;
			buildSettings = {
				ASSETCATALOG_COMPILER_APPICON_NAME = AppIcon;
				CODE_SIGN_STYLE = Automatic;
				DEVELOPMENT_TEAM = 8C5P567C39;
				INFOPLIST_FILE = EasyToDo/Info.plist;
				IPHONEOS_DEPLOYMENT_TARGET = 13.0;
				LD_RUNPATH_SEARCH_PATHS = (
					"$(inherited)",
					"@executable_path/Frameworks",
				);
				PRODUCT_BUNDLE_IDENTIFIER = com.mihaelaSi.EasyToDo;
				PRODUCT_NAME = "$(TARGET_NAME)";
				SWIFT_VERSION = 5.0;
				TARGETED_DEVICE_FAMILY = 1;
			};
			name = Debug;
		};
		475AAE3A24656BB100A7B6AB /* Release */ = {
			isa = XCBuildConfiguration;
			baseConfigurationReference = FFB2B5CBA873191D1B2575A7 /* Pods-EasyToDo.release.xcconfig */;
			buildSettings = {
				ASSETCATALOG_COMPILER_APPICON_NAME = AppIcon;
				CODE_SIGN_STYLE = Automatic;
				DEVELOPMENT_TEAM = 8C5P567C39;
				INFOPLIST_FILE = EasyToDo/Info.plist;
				IPHONEOS_DEPLOYMENT_TARGET = 13.0;
				LD_RUNPATH_SEARCH_PATHS = (
					"$(inherited)",
					"@executable_path/Frameworks",
				);
				PRODUCT_BUNDLE_IDENTIFIER = com.mihaelaSi.EasyToDo;
				PRODUCT_NAME = "$(TARGET_NAME)";
				SWIFT_VERSION = 5.0;
				TARGETED_DEVICE_FAMILY = 1;
			};
			name = Release;
		};
/* End XCBuildConfiguration section */

/* Begin XCConfigurationList section */
		475AAE1F24656BAF00A7B6AB /* Build configuration list for PBXProject "EasyToDo" */ = {
			isa = XCConfigurationList;
			buildConfigurations = (
				475AAE3624656BB100A7B6AB /* Debug */,
				475AAE3724656BB100A7B6AB /* Release */,
			);
			defaultConfigurationIsVisible = 0;
			defaultConfigurationName = Release;
		};
		475AAE3824656BB100A7B6AB /* Build configuration list for PBXNativeTarget "EasyToDo" */ = {
			isa = XCConfigurationList;
			buildConfigurations = (
				475AAE3924656BB100A7B6AB /* Debug */,
				475AAE3A24656BB100A7B6AB /* Release */,
			);
			defaultConfigurationIsVisible = 0;
			defaultConfigurationName = Release;
		};
/* End XCConfigurationList section */
	};
	rootObject = 475AAE1C24656BAF00A7B6AB /* Project object */;
}
